
Microsoft Visual Studio Solution File, Format Version 12.00
# Visual Studio 15
VisualStudioVersion = 15.0.28307.329
MinimumVisualStudioVersion = 10.0.40219.1
Project("{FAE04EC0-301F-11D3-BF4B-00C04F79EFBC}") = "GameOfLife.Tests", "GameOfLife\GameOfLife.Tests.csproj", "{BFB07CAC-C9D7-48FC-B98A-E2A4154D5939}"
EndProject
Project("{FAE04EC0-301F-11D3-BF4B-00C04F79EFBC}") = "GameOfLife.Models", "GameOfLife.Models\GameOfLife.Models.csproj", "{5B436B5F-BC4F-4E16-9764-B5FBB538211E}"
EndProject
Global
	GlobalSection(SolutionConfigurationPlatforms) = preSolution
		Debug|Any CPU = Debug|Any CPU
		Release|Any CPU = Release|Any CPU
	EndGlobalSection
	GlobalSection(ProjectConfigurationPlatforms) = postSolution
		{BFB07CAC-C9D7-48FC-B98A-E2A4154D5939}.Debug|Any CPU.ActiveCfg = Debug|Any CPU
		{BFB07CAC-C9D7-48FC-B98A-E2A4154D5939}.Debug|Any CPU.Build.0 = Debug|Any CPU
		{BFB07CAC-C9D7-48FC-B98A-E2A4154D5939}.Release|Any CPU.ActiveCfg = Release|Any CPU
		{BFB07CAC-C9D7-48FC-B98A-E2A4154D5939}.Release|Any CPU.Build.0 = Release|Any CPU
		{5B436B5F-BC4F-4E16-9764-B5FBB538211E}.Debug|Any CPU.ActiveCfg = Debug|Any CPU
		{5B436B5F-BC4F-4E16-9764-B5FBB538211E}.Debug|Any CPU.Build.0 = Debug|Any CPU
		{5B436B5F-BC4F-4E16-9764-B5FBB538211E}.Release|Any CPU.ActiveCfg = Release|Any CPU
		{5B436B5F-BC4F-4E16-9764-B5FBB538211E}.Release|Any CPU.Build.0 = Release|Any CPU
	EndGlobalSection
	GlobalSection(SolutionProperties) = preSolution
		HideSolutionNode = FALSE
	EndGlobalSection
	GlobalSection(ExtensibilityGlobals) = postSolution
		SolutionGuid = {92584BF3-B70D-4D03-A56A-2EF9380A8A9C}
	EndGlobalSection
EndGlobal
